
Microsoft Visual Studio Solution File, Format Version 12.00
# Visual Studio Version 17
VisualStudioVersion = 17.9.34622.214
MinimumVisualStudioVersion = 10.0.40219.1
Project("{FAE04EC0-301F-11D3-BF4B-00C04F79EFBC}") = "MailingList", "MailingList\MailingList.csproj", "{C3DF5B0A-A77A-4D07-8F62-42D6C9FC67B9}"
EndProject
Global
	GlobalSection(SolutionConfigurationPlatforms) = preSolution
		Debug|Any CPU = Debug|Any CPU
		Release|Any CPU = Release|Any CPU
	EndGlobalSection
	GlobalSection(ProjectConfigurationPlatforms) = postSolution
		{C3DF5B0A-A77A-4D07-8F62-42D6C9FC67B9}.Debug|Any CPU.ActiveCfg = Debug|Any CPU
		{C3DF5B0A-A77A-4D07-8F62-42D6C9FC67B9}.Debug|Any CPU.Build.0 = Debug|Any CPU
		{C3DF5B0A-A77A-4D07-8F62-42D6C9FC67B9}.Release|Any CPU.ActiveCfg = Release|Any CPU
		{C3DF5B0A-A77A-4D07-8F62-42D6C9FC67B9}.Release|Any CPU.Build.0 = Release|Any CPU
	EndGlobalSection
	GlobalSection(SolutionProperties) = preSolution
		HideSolutionNode = FALSE
	EndGlobalSection
	GlobalSection(ExtensibilityGlobals) = postSolution
		SolutionGuid = {ECEE8634-AC7E-4C75-BF87-F667057702A4}
	EndGlobalSection
EndGlobal
